
Microsoft Visual Studio Solution File, Format Version 12.00
# Visual Studio 2012
Project("{FAE04EC0-301F-11D3-BF4B-00C04F79EFBC}") = "DZ3", "DZ3\DZ3.csproj", "{DE423476-5B98-46BA-9180-89F93D7A3577}"
EndProject
Global
	GlobalSection(SolutionConfigurationPlatforms) = preSolution
		Debug|Any CPU = Debug|Any CPU
		Release|Any CPU = Release|Any CPU
	EndGlobalSection
	GlobalSection(ProjectConfigurationPlatforms) = postSolution
		{DE423476-5B98-46BA-9180-89F93D7A3577}.Debug|Any CPU.ActiveCfg = Debug|Any CPU
		{DE423476-5B98-46BA-9180-89F93D7A3577}.Debug|Any CPU.Build.0 = Debug|Any CPU
		{DE423476-5B98-46BA-9180-89F93D7A3577}.Release|Any CPU.ActiveCfg = Release|Any CPU
		{DE423476-5B98-46BA-9180-89F93D7A3577}.Release|Any CPU.Build.0 = Release|Any CPU
	EndGlobalSection
	GlobalSection(SolutionProperties) = preSolution
		HideSolutionNode = FALSE
	EndGlobalSection
EndGlobal
